// !$*UTF8*$!
{
	archiveVersion = 1;
	classes = {
	};
	objectVersion = 46;
	objects = {

/* Begin PBXBuildFile section */
		6605D0631D4A07CB002AC204 /* HomeViewController.swift in Sources */ = {isa = PBXBuildFile; fileRef = 6605D0621D4A07CB002AC204 /* HomeViewController.swift */; };
		6621E6F41D5E322E00B42F10 /* CloudKit.framework in Frameworks */ = {isa = PBXBuildFile; fileRef = 6621E6F31D5E322E00B42F10 /* CloudKit.framework */; };
		6621E6FC1D5E37BF00B42F10 /* AppDelegate.swift in Sources */ = {isa = PBXBuildFile; fileRef = 6621E6FB1D5E37BF00B42F10 /* AppDelegate.swift */; };
		6621E6FE1D5E37BF00B42F10 /* ViewController.swift in Sources */ = {isa = PBXBuildFile; fileRef = 6621E6FD1D5E37BF00B42F10 /* ViewController.swift */; };
		6621E7001D5E37BF00B42F10 /* Assets.xcassets in Resources */ = {isa = PBXBuildFile; fileRef = 6621E6FF1D5E37BF00B42F10 /* Assets.xcassets */; };
		6621E7031D5E37BF00B42F10 /* Main.storyboard in Resources */ = {isa = PBXBuildFile; fileRef = 6621E7011D5E37BF00B42F10 /* Main.storyboard */; };
		6621E70A1D5E37C800B42F10 /* CloudKit.framework in Frameworks */ = {isa = PBXBuildFile; fileRef = 6621E7091D5E37C800B42F10 /* CloudKit.framework */; };
		6621E7211D5E5BD500B42F10 /* Constants.swift in Sources */ = {isa = PBXBuildFile; fileRef = 662754631D5E255A00CC41FE /* Constants.swift */; };
		6621E7221D5E5BD700B42F10 /* Utility.swift in Sources */ = {isa = PBXBuildFile; fileRef = 662754561D5E00A500CC41FE /* Utility.swift */; };
		6621E7231D5E5BDA00B42F10 /* PhotoGeotagsKit.h in Headers */ = {isa = PBXBuildFile; fileRef = 6627544C1D5E009600CC41FE /* PhotoGeotagsKit.h */; settings = {ATTRIBUTES = (Public, ); }; };
		6621E7241D5E5C0700B42F10 /* PhotoGeotagsKit.framework in Frameworks */ = {isa = PBXBuildFile; fileRef = 6621E7151D5E5B1500B42F10 /* PhotoGeotagsKit.framework */; };
		6621E7251D5E5C0700B42F10 /* PhotoGeotagsKit.framework in Embed Frameworks */ = {isa = PBXBuildFile; fileRef = 6621E7151D5E5B1500B42F10 /* PhotoGeotagsKit.framework */; settings = {ATTRIBUTES = (CodeSignOnCopy, RemoveHeadersOnCopy, ); }; };
		6621E7291D5E5C1B00B42F10 /* PhotoGeotagsKit.framework in Frameworks */ = {isa = PBXBuildFile; fileRef = 6627544A1D5E009600CC41FE /* PhotoGeotagsKit.framework */; };
		6621E72A1D5E5C1B00B42F10 /* PhotoGeotagsKit.framework in Embed Frameworks */ = {isa = PBXBuildFile; fileRef = 6627544A1D5E009600CC41FE /* PhotoGeotagsKit.framework */; settings = {ATTRIBUTES = (CodeSignOnCopy, RemoveHeadersOnCopy, ); }; };
		6627544E1D5E009600CC41FE /* PhotoGeotagsKit.h in Headers */ = {isa = PBXBuildFile; fileRef = 6627544C1D5E009600CC41FE /* PhotoGeotagsKit.h */; settings = {ATTRIBUTES = (Public, ); }; };
		662754581D5E013A00CC41FE /* Utility.swift in Sources */ = {isa = PBXBuildFile; fileRef = 662754561D5E00A500CC41FE /* Utility.swift */; };
		662754641D5E255A00CC41FE /* Constants.swift in Sources */ = {isa = PBXBuildFile; fileRef = 662754631D5E255A00CC41FE /* Constants.swift */; };
		6661AB201D5CB11500C7BE96 /* MapKit.framework in Frameworks */ = {isa = PBXBuildFile; fileRef = 6661AB1F1D5CB11500C7BE96 /* MapKit.framework */; };
		6661AB221D5CB87C00C7BE96 /* LocationPicker.swift in Sources */ = {isa = PBXBuildFile; fileRef = 6661AB211D5CB87C00C7BE96 /* LocationPicker.swift */; };
		66F60B821D47E3F60073A8F2 /* AppDelegate.swift in Sources */ = {isa = PBXBuildFile; fileRef = 66F60B811D47E3F60073A8F2 /* AppDelegate.swift */; };
		66F60B891D47E3F60073A8F2 /* Main.storyboard in Resources */ = {isa = PBXBuildFile; fileRef = 66F60B871D47E3F60073A8F2 /* Main.storyboard */; };
		66F60B8B1D47E3F60073A8F2 /* Assets.xcassets in Resources */ = {isa = PBXBuildFile; fileRef = 66F60B8A1D47E3F60073A8F2 /* Assets.xcassets */; };
		66F60B8E1D47E3F60073A8F2 /* LaunchScreen.storyboard in Resources */ = {isa = PBXBuildFile; fileRef = 66F60B8C1D47E3F60073A8F2 /* LaunchScreen.storyboard */; };
/* End PBXBuildFile section */

/* Begin PBXContainerItemProxy section */
		6621E7261D5E5C0700B42F10 /* PBXContainerItemProxy */ = {
			isa = PBXContainerItemProxy;
			containerPortal = 66F60B761D47E3F50073A8F2 /* Project object */;
			proxyType = 1;
			remoteGlobalIDString = 6621E7141D5E5B1500B42F10;
			remoteInfo = "PhotoGeotagsKit macOS";
		};
		6621E72B1D5E5C1B00B42F10 /* PBXContainerItemProxy */ = {
			isa = PBXContainerItemProxy;
			containerPortal = 66F60B761D47E3F50073A8F2 /* Project object */;
			proxyType = 1;
			remoteGlobalIDString = 662754491D5E009600CC41FE;
			remoteInfo = PhotoGeotagsKit;
		};
/* End PBXContainerItemProxy section */

/* Begin PBXCopyFilesBuildPhase section */
		6621E7281D5E5C0700B42F10 /* Embed Frameworks */ = {
			isa = PBXCopyFilesBuildPhase;
			buildActionMask = 2147483647;
			dstPath = "";
			dstSubfolderSpec = 10;
			files = (
				6621E7251D5E5C0700B42F10 /* PhotoGeotagsKit.framework in Embed Frameworks */,
			);
			name = "Embed Frameworks";
			runOnlyForDeploymentPostprocessing = 0;
		};
		6621E72D1D5E5C1C00B42F10 /* Embed Frameworks */ = {
			isa = PBXCopyFilesBuildPhase;
			buildActionMask = 2147483647;
			dstPath = "";
			dstSubfolderSpec = 10;
			files = (
				6621E72A1D5E5C1B00B42F10 /* PhotoGeotagsKit.framework in Embed Frameworks */,
			);
			name = "Embed Frameworks";
			runOnlyForDeploymentPostprocessing = 0;
		};
		662754301D5DFCA800CC41FE /* Embed App Extensions */ = {
			isa = PBXCopyFilesBuildPhase;
			buildActionMask = 2147483647;
			dstPath = "";
			dstSubfolderSpec = 13;
			files = (
			);
			name = "Embed App Extensions";
			runOnlyForDeploymentPostprocessing = 0;
		};
/* End PBXCopyFilesBuildPhase section */

/* Begin PBXFileReference section */
		6605D0621D4A07CB002AC204 /* HomeViewController.swift */ = {isa = PBXFileReference; fileEncoding = 4; lastKnownFileType = sourcecode.swift; path = HomeViewController.swift; sourceTree = "<group>"; };
		6621E6F31D5E322E00B42F10 /* CloudKit.framework */ = {isa = PBXFileReference; lastKnownFileType = wrapper.framework; name = CloudKit.framework; path = System/Library/Frameworks/CloudKit.framework; sourceTree = SDKROOT; };
		6621E6F91D5E37BF00B42F10 /* Photo Geotags macOS.app */ = {isa = PBXFileReference; explicitFileType = wrapper.application; includeInIndex = 0; path = "Photo Geotags macOS.app"; sourceTree = BUILT_PRODUCTS_DIR; };
		6621E6FB1D5E37BF00B42F10 /* AppDelegate.swift */ = {isa = PBXFileReference; lastKnownFileType = sourcecode.swift; path = AppDelegate.swift; sourceTree = "<group>"; };
		6621E6FD1D5E37BF00B42F10 /* ViewController.swift */ = {isa = PBXFileReference; lastKnownFileType = sourcecode.swift; path = ViewController.swift; sourceTree = "<group>"; };
		6621E6FF1D5E37BF00B42F10 /* Assets.xcassets */ = {isa = PBXFileReference; lastKnownFileType = folder.assetcatalog; path = Assets.xcassets; sourceTree = "<group>"; };
		6621E7021D5E37BF00B42F10 /* Base */ = {isa = PBXFileReference; lastKnownFileType = file.storyboard; name = Base; path = Base.lproj/Main.storyboard; sourceTree = "<group>"; };
		6621E7041D5E37BF00B42F10 /* Info.plist */ = {isa = PBXFileReference; lastKnownFileType = text.plist.xml; path = Info.plist; sourceTree = "<group>"; };
		6621E7081D5E37C500B42F10 /* Photo Geotags macOS.entitlements */ = {isa = PBXFileReference; lastKnownFileType = text.plist.entitlements; path = "Photo Geotags macOS.entitlements"; sourceTree = "<group>"; };
		6621E7091D5E37C800B42F10 /* CloudKit.framework */ = {isa = PBXFileReference; lastKnownFileType = wrapper.framework; name = CloudKit.framework; path = Platforms/MacOSX.platform/Developer/SDKs/MacOSX10.12.sdk/System/Library/Frameworks/CloudKit.framework; sourceTree = DEVELOPER_DIR; };
		6621E7151D5E5B1500B42F10 /* PhotoGeotagsKit.framework */ = {isa = PBXFileReference; explicitFileType = wrapper.framework; includeInIndex = 0; path = PhotoGeotagsKit.framework; sourceTree = BUILT_PRODUCTS_DIR; };
		6627541F1D5DFCA800CC41FE /* PhotosUI.framework */ = {isa = PBXFileReference; lastKnownFileType = wrapper.framework; name = PhotosUI.framework; path = System/Library/Frameworks/PhotosUI.framework; sourceTree = SDKROOT; };
		662754211D5DFCA800CC41FE /* Photos.framework */ = {isa = PBXFileReference; lastKnownFileType = wrapper.framework; name = Photos.framework; path = System/Library/Frameworks/Photos.framework; sourceTree = SDKROOT; };
		6627544A1D5E009600CC41FE /* PhotoGeotagsKit.framework */ = {isa = PBXFileReference; explicitFileType = wrapper.framework; includeInIndex = 0; path = PhotoGeotagsKit.framework; sourceTree = BUILT_PRODUCTS_DIR; };
		6627544C1D5E009600CC41FE /* PhotoGeotagsKit.h */ = {isa = PBXFileReference; lastKnownFileType = sourcecode.c.h; path = PhotoGeotagsKit.h; sourceTree = "<group>"; };
		6627544D1D5E009600CC41FE /* Info.plist */ = {isa = PBXFileReference; lastKnownFileType = text.plist.xml; path = Info.plist; sourceTree = "<group>"; };
		662754561D5E00A500CC41FE /* Utility.swift */ = {isa = PBXFileReference; fileEncoding = 4; lastKnownFileType = sourcecode.swift; path = Utility.swift; sourceTree = "<group>"; };
		662754611D5E24F000CC41FE /* Photo Geotags.entitlements */ = {isa = PBXFileReference; lastKnownFileType = text.plist.entitlements; path = "Photo Geotags.entitlements"; sourceTree = "<group>"; };
		662754631D5E255A00CC41FE /* Constants.swift */ = {isa = PBXFileReference; fileEncoding = 4; lastKnownFileType = sourcecode.swift; path = Constants.swift; sourceTree = "<group>"; };
		6661AB1F1D5CB11500C7BE96 /* MapKit.framework */ = {isa = PBXFileReference; lastKnownFileType = wrapper.framework; name = MapKit.framework; path = System/Library/Frameworks/MapKit.framework; sourceTree = SDKROOT; };
		6661AB211D5CB87C00C7BE96 /* LocationPicker.swift */ = {isa = PBXFileReference; fileEncoding = 4; lastKnownFileType = sourcecode.swift; path = LocationPicker.swift; sourceTree = "<group>"; };
		66F60B7E1D47E3F60073A8F2 /* Photo Geotags.app */ = {isa = PBXFileReference; explicitFileType = wrapper.application; includeInIndex = 0; path = "Photo Geotags.app"; sourceTree = BUILT_PRODUCTS_DIR; };
		66F60B811D47E3F60073A8F2 /* AppDelegate.swift */ = {isa = PBXFileReference; lastKnownFileType = sourcecode.swift; path = AppDelegate.swift; sourceTree = "<group>"; };
		66F60B881D47E3F60073A8F2 /* Base */ = {isa = PBXFileReference; lastKnownFileType = file.storyboard; name = Base; path = Base.lproj/Main.storyboard; sourceTree = "<group>"; };
		66F60B8A1D47E3F60073A8F2 /* Assets.xcassets */ = {isa = PBXFileReference; lastKnownFileType = folder.assetcatalog; path = Assets.xcassets; sourceTree = "<group>"; };
		66F60B8D1D47E3F60073A8F2 /* Base */ = {isa = PBXFileReference; lastKnownFileType = file.storyboard; name = Base; path = Base.lproj/LaunchScreen.storyboard; sourceTree = "<group>"; };
		66F60B8F1D47E3F60073A8F2 /* Info.plist */ = {isa = PBXFileReference; lastKnownFileType = text.plist.xml; path = Info.plist; sourceTree = "<group>"; };
		66F629AB1D5CCF1500FC3784 /* icon.sketch */ = {isa = PBXFileReference; lastKnownFileType = file; name = icon.sketch; path = "Photo Geotags/icon.sketch"; sourceTree = "<group>"; };
/* End PBXFileReference section */

/* Begin PBXFrameworksBuildPhase section */
		6621E6F61D5E37BF00B42F10 /* Frameworks */ = {
			isa = PBXFrameworksBuildPhase;
			buildActionMask = 2147483647;
			files = (
				6621E70A1D5E37C800B42F10 /* CloudKit.framework in Frameworks */,
				6621E7241D5E5C0700B42F10 /* PhotoGeotagsKit.framework in Frameworks */,
			);
			runOnlyForDeploymentPostprocessing = 0;
		};
		6621E7111D5E5B1500B42F10 /* Frameworks */ = {
			isa = PBXFrameworksBuildPhase;
			buildActionMask = 2147483647;
			files = (
			);
			runOnlyForDeploymentPostprocessing = 0;
		};
		662754461D5E009600CC41FE /* Frameworks */ = {
			isa = PBXFrameworksBuildPhase;
			buildActionMask = 2147483647;
			files = (
			);
			runOnlyForDeploymentPostprocessing = 0;
		};
		66F60B7B1D47E3F60073A8F2 /* Frameworks */ = {
			isa = PBXFrameworksBuildPhase;
			buildActionMask = 2147483647;
			files = (
				6621E7291D5E5C1B00B42F10 /* PhotoGeotagsKit.framework in Frameworks */,
				6621E6F41D5E322E00B42F10 /* CloudKit.framework in Frameworks */,
				6661AB201D5CB11500C7BE96 /* MapKit.framework in Frameworks */,
			);
			runOnlyForDeploymentPostprocessing = 0;
		};
/* End PBXFrameworksBuildPhase section */

/* Begin PBXGroup section */
		6621E6FA1D5E37BF00B42F10 /* Photo Geotags macOS */ = {
			isa = PBXGroup;
			children = (
				6621E7081D5E37C500B42F10 /* Photo Geotags macOS.entitlements */,
				6621E6FB1D5E37BF00B42F10 /* AppDelegate.swift */,
				6621E6FD1D5E37BF00B42F10 /* ViewController.swift */,
				6621E6FF1D5E37BF00B42F10 /* Assets.xcassets */,
				6621E7011D5E37BF00B42F10 /* Main.storyboard */,
				6621E7041D5E37BF00B42F10 /* Info.plist */,
			);
			path = "Photo Geotags macOS";
			sourceTree = "<group>";
		};
		6627544B1D5E009600CC41FE /* PhotoGeotagsKit */ = {
			isa = PBXGroup;
			children = (
				6627544C1D5E009600CC41FE /* PhotoGeotagsKit.h */,
				662754561D5E00A500CC41FE /* Utility.swift */,
				662754631D5E255A00CC41FE /* Constants.swift */,
				6627544D1D5E009600CC41FE /* Info.plist */,
			);
			path = PhotoGeotagsKit;
			sourceTree = "<group>";
		};
		6661AB1E1D5CB11500C7BE96 /* Frameworks */ = {
			isa = PBXGroup;
			children = (
				6621E7091D5E37C800B42F10 /* CloudKit.framework */,
				6621E6F31D5E322E00B42F10 /* CloudKit.framework */,
				6661AB1F1D5CB11500C7BE96 /* MapKit.framework */,
				6627541F1D5DFCA800CC41FE /* PhotosUI.framework */,
				662754211D5DFCA800CC41FE /* Photos.framework */,
			);
			name = Frameworks;
			sourceTree = "<group>";
		};
		66F60B751D47E3F50073A8F2 = {
			isa = PBXGroup;
			children = (
				66F629AB1D5CCF1500FC3784 /* icon.sketch */,
				66F60B801D47E3F60073A8F2 /* Photo Geotags */,
				6621E6FA1D5E37BF00B42F10 /* Photo Geotags macOS */,
				6627544B1D5E009600CC41FE /* PhotoGeotagsKit */,
				66F60B7F1D47E3F60073A8F2 /* Products */,
				6661AB1E1D5CB11500C7BE96 /* Frameworks */,
			);
			sourceTree = "<group>";
		};
		66F60B7F1D47E3F60073A8F2 /* Products */ = {
			isa = PBXGroup;
			children = (
				66F60B7E1D47E3F60073A8F2 /* Photo Geotags.app */,
				6627544A1D5E009600CC41FE /* PhotoGeotagsKit.framework */,
				6621E6F91D5E37BF00B42F10 /* Photo Geotags macOS.app */,
				6621E7151D5E5B1500B42F10 /* PhotoGeotagsKit.framework */,
			);
			name = Products;
			sourceTree = "<group>";
		};
		66F60B801D47E3F60073A8F2 /* Photo Geotags */ = {
			isa = PBXGroup;
			children = (
				662754611D5E24F000CC41FE /* Photo Geotags.entitlements */,
				66F60B811D47E3F60073A8F2 /* AppDelegate.swift */,
				6605D0621D4A07CB002AC204 /* HomeViewController.swift */,
				6661AB211D5CB87C00C7BE96 /* LocationPicker.swift */,
				66F60B871D47E3F60073A8F2 /* Main.storyboard */,
				66F60B8A1D47E3F60073A8F2 /* Assets.xcassets */,
				66F60B8C1D47E3F60073A8F2 /* LaunchScreen.storyboard */,
				66F60B8F1D47E3F60073A8F2 /* Info.plist */,
			);
			path = "Photo Geotags";
			sourceTree = "<group>";
		};
/* End PBXGroup section */

/* Begin PBXHeadersBuildPhase section */
		6621E7121D5E5B1500B42F10 /* Headers */ = {
			isa = PBXHeadersBuildPhase;
			buildActionMask = 2147483647;
			files = (
				6621E7231D5E5BDA00B42F10 /* PhotoGeotagsKit.h in Headers */,
			);
			runOnlyForDeploymentPostprocessing = 0;
		};
		662754471D5E009600CC41FE /* Headers */ = {
			isa = PBXHeadersBuildPhase;
			buildActionMask = 2147483647;
			files = (
				6627544E1D5E009600CC41FE /* PhotoGeotagsKit.h in Headers */,
			);
			runOnlyForDeploymentPostprocessing = 0;
		};
/* End PBXHeadersBuildPhase section */

/* Begin PBXNativeTarget section */
		6621E6F81D5E37BF00B42F10 /* Photo Geotags macOS */ = {
			isa = PBXNativeTarget;
			buildConfigurationList = 6621E7051D5E37BF00B42F10 /* Build configuration list for PBXNativeTarget "Photo Geotags macOS" */;
			buildPhases = (
				6621E6F51D5E37BF00B42F10 /* Sources */,
				6621E6F61D5E37BF00B42F10 /* Frameworks */,
				6621E6F71D5E37BF00B42F10 /* Resources */,
				6621E7281D5E5C0700B42F10 /* Embed Frameworks */,
			);
			buildRules = (
			);
			dependencies = (
				6621E7271D5E5C0700B42F10 /* PBXTargetDependency */,
			);
			name = "Photo Geotags macOS";
			productName = "Photo Geotags macOS";
			productReference = 6621E6F91D5E37BF00B42F10 /* Photo Geotags macOS.app */;
			productType = "com.apple.product-type.application";
		};
		6621E7141D5E5B1500B42F10 /* PhotoGeotagsKit macOS */ = {
			isa = PBXNativeTarget;
			buildConfigurationList = 6621E71E1D5E5B1500B42F10 /* Build configuration list for PBXNativeTarget "PhotoGeotagsKit macOS" */;
			buildPhases = (
				6621E7101D5E5B1500B42F10 /* Sources */,
				6621E7111D5E5B1500B42F10 /* Frameworks */,
				6621E7121D5E5B1500B42F10 /* Headers */,
				6621E7131D5E5B1500B42F10 /* Resources */,
			);
			buildRules = (
			);
			dependencies = (
			);
			name = "PhotoGeotagsKit macOS";
			productName = "PhotoGeotagsKit macOS";
			productReference = 6621E7151D5E5B1500B42F10 /* PhotoGeotagsKit.framework */;
			productType = "com.apple.product-type.framework";
		};
		662754491D5E009600CC41FE /* PhotoGeotagsKit */ = {
			isa = PBXNativeTarget;
			buildConfigurationList = 662754531D5E009600CC41FE /* Build configuration list for PBXNativeTarget "PhotoGeotagsKit" */;
			buildPhases = (
				662754451D5E009600CC41FE /* Sources */,
				662754461D5E009600CC41FE /* Frameworks */,
				662754471D5E009600CC41FE /* Headers */,
				662754481D5E009600CC41FE /* Resources */,
			);
			buildRules = (
			);
			dependencies = (
			);
			name = PhotoGeotagsKit;
			productName = PhotoGeotagsKit;
			productReference = 6627544A1D5E009600CC41FE /* PhotoGeotagsKit.framework */;
			productType = "com.apple.product-type.framework";
		};
		66F60B7D1D47E3F60073A8F2 /* Photo Geotags */ = {
			isa = PBXNativeTarget;
			buildConfigurationList = 66F60B921D47E3F60073A8F2 /* Build configuration list for PBXNativeTarget "Photo Geotags" */;
			buildPhases = (
				66F60B7A1D47E3F60073A8F2 /* Sources */,
				66F60B7B1D47E3F60073A8F2 /* Frameworks */,
				66F60B7C1D47E3F60073A8F2 /* Resources */,
				662754301D5DFCA800CC41FE /* Embed App Extensions */,
				6621E72D1D5E5C1C00B42F10 /* Embed Frameworks */,
			);
			buildRules = (
			);
			dependencies = (
				6621E72C1D5E5C1B00B42F10 /* PBXTargetDependency */,
			);
			name = "Photo Geotags";
			productName = "Photo Geotags";
			productReference = 66F60B7E1D47E3F60073A8F2 /* Photo Geotags.app */;
			productType = "com.apple.product-type.application";
		};
/* End PBXNativeTarget section */

/* Begin PBXProject section */
		66F60B761D47E3F50073A8F2 /* Project object */ = {
			isa = PBXProject;
			attributes = {
				LastSwiftUpdateCheck = 0800;
				LastUpgradeCheck = 0800;
				ORGANIZATIONNAME = "Ezekiel Elin";
				TargetAttributes = {
					6621E6F81D5E37BF00B42F10 = {
						CreatedOnToolsVersion = 8.0;
						DevelopmentTeam = 39QG79F7FD;
						ProvisioningStyle = Automatic;
						SystemCapabilities = {
							com.apple.Push = {
								enabled = 1;
							};
							com.apple.iCloud = {
								enabled = 1;
							};
						};
					};
					6621E7141D5E5B1500B42F10 = {
						CreatedOnToolsVersion = 8.0;
						DevelopmentTeam = 39QG79F7FD;
						ProvisioningStyle = Automatic;
					};
					662754491D5E009600CC41FE = {
						CreatedOnToolsVersion = 8.0;
						LastSwiftMigration = 0800;
						ProvisioningStyle = Automatic;
					};
					66F60B7D1D47E3F60073A8F2 = {
						CreatedOnToolsVersion = 8.0;
						DevelopmentTeam = 39QG79F7FD;
						DevelopmentTeamName = "Ezekiel Elin";
						LastSwiftMigration = 0800;
						ProvisioningStyle = Automatic;
						SystemCapabilities = {
							com.apple.ApplicationGroups.iOS = {
								enabled = 1;
							};
							com.apple.Maps.iOS = {
								enabled = 1;
							};
							com.apple.Push = {
								enabled = 1;
							};
							com.apple.iCloud = {
								enabled = 1;
							};
						};
					};
				};
			};
			buildConfigurationList = 66F60B791D47E3F50073A8F2 /* Build configuration list for PBXProject "Photo Geotags" */;
			compatibilityVersion = "Xcode 3.2";
			developmentRegion = English;
			hasScannedForEncodings = 0;
			knownRegions = (
				en,
				Base,
			);
			mainGroup = 66F60B751D47E3F50073A8F2;
			productRefGroup = 66F60B7F1D47E3F60073A8F2 /* Products */;
			projectDirPath = "";
			projectRoot = "";
			targets = (
				66F60B7D1D47E3F60073A8F2 /* Photo Geotags */,
				662754491D5E009600CC41FE /* PhotoGeotagsKit */,
				6621E6F81D5E37BF00B42F10 /* Photo Geotags macOS */,
				6621E7141D5E5B1500B42F10 /* PhotoGeotagsKit macOS */,
			);
		};
/* End PBXProject section */

/* Begin PBXResourcesBuildPhase section */
		6621E6F71D5E37BF00B42F10 /* Resources */ = {
			isa = PBXResourcesBuildPhase;
			buildActionMask = 2147483647;
			files = (
				6621E7001D5E37BF00B42F10 /* Assets.xcassets in Resources */,
				6621E7031D5E37BF00B42F10 /* Main.storyboard in Resources */,
			);
			runOnlyForDeploymentPostprocessing = 0;
		};
		6621E7131D5E5B1500B42F10 /* Resources */ = {
			isa = PBXResourcesBuildPhase;
			buildActionMask = 2147483647;
			files = (
			);
			runOnlyForDeploymentPostprocessing = 0;
		};
		662754481D5E009600CC41FE /* Resources */ = {
			isa = PBXResourcesBuildPhase;
			buildActionMask = 2147483647;
			files = (
			);
			runOnlyForDeploymentPostprocessing = 0;
		};
		66F60B7C1D47E3F60073A8F2 /* Resources */ = {
			isa = PBXResourcesBuildPhase;
			buildActionMask = 2147483647;
			files = (
				66F60B8E1D47E3F60073A8F2 /* LaunchScreen.storyboard in Resources */,
				66F60B8B1D47E3F60073A8F2 /* Assets.xcassets in Resources */,
				66F60B891D47E3F60073A8F2 /* Main.storyboard in Resources */,
			);
			runOnlyForDeploymentPostprocessing = 0;
		};
/* End PBXResourcesBuildPhase section */

/* Begin PBXSourcesBuildPhase section */
		6621E6F51D5E37BF00B42F10 /* Sources */ = {
			isa = PBXSourcesBuildPhase;
			buildActionMask = 2147483647;
			files = (
				6621E6FE1D5E37BF00B42F10 /* ViewController.swift in Sources */,
				6621E6FC1D5E37BF00B42F10 /* AppDelegate.swift in Sources */,
			);
			runOnlyForDeploymentPostprocessing = 0;
		};
		6621E7101D5E5B1500B42F10 /* Sources */ = {
			isa = PBXSourcesBuildPhase;
			buildActionMask = 2147483647;
			files = (
				6621E7221D5E5BD700B42F10 /* Utility.swift in Sources */,
				6621E7211D5E5BD500B42F10 /* Constants.swift in Sources */,
			);
			runOnlyForDeploymentPostprocessing = 0;
		};
		662754451D5E009600CC41FE /* Sources */ = {
			isa = PBXSourcesBuildPhase;
			buildActionMask = 2147483647;
			files = (
				662754581D5E013A00CC41FE /* Utility.swift in Sources */,
				662754641D5E255A00CC41FE /* Constants.swift in Sources */,
			);
			runOnlyForDeploymentPostprocessing = 0;
		};
		66F60B7A1D47E3F60073A8F2 /* Sources */ = {
			isa = PBXSourcesBuildPhase;
			buildActionMask = 2147483647;
			files = (
				6605D0631D4A07CB002AC204 /* HomeViewController.swift in Sources */,
				66F60B821D47E3F60073A8F2 /* AppDelegate.swift in Sources */,
				6661AB221D5CB87C00C7BE96 /* LocationPicker.swift in Sources */,
			);
			runOnlyForDeploymentPostprocessing = 0;
		};
/* End PBXSourcesBuildPhase section */

/* Begin PBXTargetDependency section */
		6621E7271D5E5C0700B42F10 /* PBXTargetDependency */ = {
			isa = PBXTargetDependency;
			target = 6621E7141D5E5B1500B42F10 /* PhotoGeotagsKit macOS */;
			targetProxy = 6621E7261D5E5C0700B42F10 /* PBXContainerItemProxy */;
		};
		6621E72C1D5E5C1B00B42F10 /* PBXTargetDependency */ = {
			isa = PBXTargetDependency;
			target = 662754491D5E009600CC41FE /* PhotoGeotagsKit */;
			targetProxy = 6621E72B1D5E5C1B00B42F10 /* PBXContainerItemProxy */;
		};
/* End PBXTargetDependency section */

/* Begin PBXVariantGroup section */
		6621E7011D5E37BF00B42F10 /* Main.storyboard */ = {
			isa = PBXVariantGroup;
			children = (
				6621E7021D5E37BF00B42F10 /* Base */,
			);
			name = Main.storyboard;
			sourceTree = "<group>";
		};
		66F60B871D47E3F60073A8F2 /* Main.storyboard */ = {
			isa = PBXVariantGroup;
			children = (
				66F60B881D47E3F60073A8F2 /* Base */,
			);
			name = Main.storyboard;
			sourceTree = "<group>";
		};
		66F60B8C1D47E3F60073A8F2 /* LaunchScreen.storyboard */ = {
			isa = PBXVariantGroup;
			children = (
				66F60B8D1D47E3F60073A8F2 /* Base */,
			);
			name = LaunchScreen.storyboard;
			sourceTree = "<group>";
		};
/* End PBXVariantGroup section */

/* Begin XCBuildConfiguration section */
		6621E7061D5E37BF00B42F10 /* Debug */ = {
			isa = XCBuildConfiguration;
			buildSettings = {
				ALWAYS_EMBED_SWIFT_STANDARD_LIBRARIES = YES;
				ASSETCATALOG_COMPILER_APPICON_NAME = AppIcon;
				CLANG_WARN_INFINITE_RECURSION = YES;
				CLANG_WARN_SUSPICIOUS_MOVES = YES;
				CODE_SIGN_ENTITLEMENTS = "Photo Geotags macOS/Photo Geotags macOS.entitlements";
				CODE_SIGN_IDENTITY = "Mac Developer";
				COMBINE_HIDPI_IMAGES = YES;
				DEVELOPMENT_TEAM = 39QG79F7FD;
				INFOPLIST_FILE = "Photo Geotags macOS/Info.plist";
				LD_RUNPATH_SEARCH_PATHS = "$(inherited) @executable_path/../Frameworks";
				PRODUCT_BUNDLE_IDENTIFIER = "com.ezekielelin.Photo-Geotags-macOS";
				PRODUCT_NAME = "$(TARGET_NAME)";
				SDKROOT = macosx;
				SWIFT_VERSION = 3.0;
			};
			name = Debug;
		};
		6621E7071D5E37BF00B42F10 /* Release */ = {
			isa = XCBuildConfiguration;
			buildSettings = {
				ALWAYS_EMBED_SWIFT_STANDARD_LIBRARIES = YES;
				ASSETCATALOG_COMPILER_APPICON_NAME = AppIcon;
				CLANG_WARN_INFINITE_RECURSION = YES;
				CLANG_WARN_SUSPICIOUS_MOVES = YES;
				CODE_SIGN_ENTITLEMENTS = "Photo Geotags macOS/Photo Geotags macOS.entitlements";
				CODE_SIGN_IDENTITY = "Mac Developer";
				COMBINE_HIDPI_IMAGES = YES;
				DEVELOPMENT_TEAM = 39QG79F7FD;
				INFOPLIST_FILE = "Photo Geotags macOS/Info.plist";
				LD_RUNPATH_SEARCH_PATHS = "$(inherited) @executable_path/../Frameworks";
				PRODUCT_BUNDLE_IDENTIFIER = "com.ezekielelin.Photo-Geotags-macOS";
				PRODUCT_NAME = "$(TARGET_NAME)";
				SDKROOT = macosx;
				SWIFT_VERSION = 3.0;
			};
			name = Release;
		};
		6621E71F1D5E5B1500B42F10 /* Debug */ = {
			isa = XCBuildConfiguration;
			buildSettings = {
				CLANG_WARN_INFINITE_RECURSION = YES;
				CLANG_WARN_SUSPICIOUS_MOVES = YES;
				CODE_SIGN_IDENTITY = "Mac Developer";
				COMBINE_HIDPI_IMAGES = YES;
				CURRENT_PROJECT_VERSION = 1;
				DEFINES_MODULE = YES;
				DEVELOPMENT_TEAM = 39QG79F7FD;
				DYLIB_COMPATIBILITY_VERSION = 1;
				DYLIB_CURRENT_VERSION = 1;
				DYLIB_INSTALL_NAME_BASE = "@rpath";
				FRAMEWORK_VERSION = A;
				INFOPLIST_FILE = PhotoGeotagsKit/Info.plist;
				INSTALL_PATH = "$(LOCAL_LIBRARY_DIR)/Frameworks";
				LD_RUNPATH_SEARCH_PATHS = "$(inherited) @executable_path/../Frameworks @loader_path/Frameworks";
				PRODUCT_BUNDLE_IDENTIFIER = "com.ezekielelin.PhotoGeotagsKit-macOS";
				PRODUCT_NAME = PhotoGeotagsKit;
				SDKROOT = macosx;
				SKIP_INSTALL = YES;
				SWIFT_VERSION = 3.0;
				VERSIONING_SYSTEM = "apple-generic";
				VERSION_INFO_PREFIX = "";
			};
			name = Debug;
		};
		6621E7201D5E5B1500B42F10 /* Release */ = {
			isa = XCBuildConfiguration;
			buildSettings = {
				CLANG_WARN_INFINITE_RECURSION = YES;
				CLANG_WARN_SUSPICIOUS_MOVES = YES;
				CODE_SIGN_IDENTITY = "Mac Developer";
				COMBINE_HIDPI_IMAGES = YES;
				CURRENT_PROJECT_VERSION = 1;
				DEFINES_MODULE = YES;
				DEVELOPMENT_TEAM = 39QG79F7FD;
				DYLIB_COMPATIBILITY_VERSION = 1;
				DYLIB_CURRENT_VERSION = 1;
				DYLIB_INSTALL_NAME_BASE = "@rpath";
				FRAMEWORK_VERSION = A;
				INFOPLIST_FILE = PhotoGeotagsKit/Info.plist;
				INSTALL_PATH = "$(LOCAL_LIBRARY_DIR)/Frameworks";
				LD_RUNPATH_SEARCH_PATHS = "$(inherited) @executable_path/../Frameworks @loader_path/Frameworks";
				PRODUCT_BUNDLE_IDENTIFIER = "com.ezekielelin.PhotoGeotagsKit-macOS";
				PRODUCT_NAME = PhotoGeotagsKit;
				SDKROOT = macosx;
				SKIP_INSTALL = YES;
				SWIFT_VERSION = 3.0;
				VERSIONING_SYSTEM = "apple-generic";
				VERSION_INFO_PREFIX = "";
			};
			name = Release;
		};
		662754541D5E009600CC41FE /* Debug */ = {
			isa = XCBuildConfiguration;
			buildSettings = {
				CLANG_ENABLE_MODULES = YES;
				CLANG_WARN_INFINITE_RECURSION = YES;
				CLANG_WARN_SUSPICIOUS_MOVES = YES;
				CODE_SIGN_IDENTITY = "Mac Developer";
				"CODE_SIGN_IDENTITY[sdk=iphoneos*]" = "iPhone Developer";
				CURRENT_PROJECT_VERSION = 1;
				DEFINES_MODULE = YES;
				DYLIB_COMPATIBILITY_VERSION = 1;
				DYLIB_CURRENT_VERSION = 1;
				DYLIB_INSTALL_NAME_BASE = "@rpath";
				INFOPLIST_FILE = PhotoGeotagsKit/Info.plist;
				INSTALL_PATH = "$(LOCAL_LIBRARY_DIR)/Frameworks";
				LD_RUNPATH_SEARCH_PATHS = "$(inherited) @executable_path/Frameworks @loader_path/Frameworks";
				PRODUCT_BUNDLE_IDENTIFIER = com.ezekielelin.PhotoGeotagsKit;
				PRODUCT_NAME = "$(TARGET_NAME)";
				SKIP_INSTALL = YES;
				SWIFT_OPTIMIZATION_LEVEL = "-Onone";
				SWIFT_VERSION = 3.0;
				VERSIONING_SYSTEM = "apple-generic";
				VERSION_INFO_PREFIX = "";
			};
			name = Debug;
		};
		662754551D5E009600CC41FE /* Release */ = {
			isa = XCBuildConfiguration;
			buildSettings = {
				CLANG_ENABLE_MODULES = YES;
				CLANG_WARN_INFINITE_RECURSION = YES;
				CLANG_WARN_SUSPICIOUS_MOVES = YES;
				CODE_SIGN_IDENTITY = "Mac Developer";
				CURRENT_PROJECT_VERSION = 1;
				DEFINES_MODULE = YES;
				DYLIB_COMPATIBILITY_VERSION = 1;
				DYLIB_CURRENT_VERSION = 1;
				DYLIB_INSTALL_NAME_BASE = "@rpath";
				INFOPLIST_FILE = PhotoGeotagsKit/Info.plist;
				INSTALL_PATH = "$(LOCAL_LIBRARY_DIR)/Frameworks";
				LD_RUNPATH_SEARCH_PATHS = "$(inherited) @executable_path/Frameworks @loader_path/Frameworks";
				PRODUCT_BUNDLE_IDENTIFIER = com.ezekielelin.PhotoGeotagsKit;
				PRODUCT_NAME = "$(TARGET_NAME)";
				SKIP_INSTALL = YES;
				SWIFT_VERSION = 3.0;
				VERSIONING_SYSTEM = "apple-generic";
				VERSION_INFO_PREFIX = "";
			};
			name = Release;
		};
		66F60B901D47E3F60073A8F2 /* Debug */ = {
			isa = XCBuildConfiguration;
			buildSettings = {
				ALWAYS_SEARCH_USER_PATHS = NO;
				CLANG_ANALYZER_NONNULL = YES;
				CLANG_CXX_LANGUAGE_STANDARD = "gnu++0x";
				CLANG_CXX_LIBRARY = "libc++";
				CLANG_ENABLE_MODULES = YES;
				CLANG_ENABLE_OBJC_ARC = YES;
				CLANG_WARN_BOOL_CONVERSION = YES;
				CLANG_WARN_CONSTANT_CONVERSION = YES;
				CLANG_WARN_DIRECT_OBJC_ISA_USAGE = YES_ERROR;
				CLANG_WARN_DOCUMENTATION_COMMENTS = YES;
				CLANG_WARN_EMPTY_BODY = YES;
				CLANG_WARN_ENUM_CONVERSION = YES;
				CLANG_WARN_INT_CONVERSION = YES;
				CLANG_WARN_OBJC_ROOT_CLASS = YES_ERROR;
				CLANG_WARN_UNREACHABLE_CODE = YES;
				CLANG_WARN__DUPLICATE_METHOD_MATCH = YES;
				"CODE_SIGN_IDENTITY[sdk=iphoneos*]" = "iPhone Developer";
				COPY_PHASE_STRIP = NO;
				DEBUG_INFORMATION_FORMAT = dwarf;
				ENABLE_STRICT_OBJC_MSGSEND = YES;
				ENABLE_TESTABILITY = YES;
				GCC_C_LANGUAGE_STANDARD = gnu99;
				GCC_DYNAMIC_NO_PIC = NO;
				GCC_NO_COMMON_BLOCKS = YES;
				GCC_OPTIMIZATION_LEVEL = 0;
				GCC_PREPROCESSOR_DEFINITIONS = (
					"DEBUG=1",
					"$(inherited)",
				);
				GCC_WARN_64_TO_32_BIT_CONVERSION = YES;
				GCC_WARN_ABOUT_RETURN_TYPE = YES_ERROR;
				GCC_WARN_UNDECLARED_SELECTOR = YES;
				GCC_WARN_UNINITIALIZED_AUTOS = YES_AGGRESSIVE;
				GCC_WARN_UNUSED_FUNCTION = YES;
				GCC_WARN_UNUSED_VARIABLE = YES;
				IPHONEOS_DEPLOYMENT_TARGET = 9.3;
				MACOSX_DEPLOYMENT_TARGET = 10.11;
				MTL_ENABLE_DEBUG_INFO = YES;
				ONLY_ACTIVE_ARCH = YES;
				SDKROOT = iphoneos;
				SWIFT_ACTIVE_COMPILATION_CONDITIONS = DEBUG;
				SWIFT_OPTIMIZATION_LEVEL = "-Onone";
				TARGETED_DEVICE_FAMILY = "1,2";
			};
			name = Debug;
		};
		66F60B911D47E3F60073A8F2 /* Release */ = {
			isa = XCBuildConfiguration;
			buildSettings = {
				ALWAYS_SEARCH_USER_PATHS = NO;
				CLANG_ANALYZER_NONNULL = YES;
				CLANG_CXX_LANGUAGE_STANDARD = "gnu++0x";
				CLANG_CXX_LIBRARY = "libc++";
				CLANG_ENABLE_MODULES = YES;
				CLANG_ENABLE_OBJC_ARC = YES;
				CLANG_WARN_BOOL_CONVERSION = YES;
				CLANG_WARN_CONSTANT_CONVERSION = YES;
				CLANG_WARN_DIRECT_OBJC_ISA_USAGE = YES_ERROR;
				CLANG_WARN_DOCUMENTATION_COMMENTS = YES;
				CLANG_WARN_EMPTY_BODY = YES;
				CLANG_WARN_ENUM_CONVERSION = YES;
				CLANG_WARN_INT_CONVERSION = YES;
				CLANG_WARN_OBJC_ROOT_CLASS = YES_ERROR;
				CLANG_WARN_UNREACHABLE_CODE = YES;
				CLANG_WARN__DUPLICATE_METHOD_MATCH = YES;
				"CODE_SIGN_IDENTITY[sdk=iphoneos*]" = "iPhone Developer";
				COPY_PHASE_STRIP = NO;
				DEBUG_INFORMATION_FORMAT = "dwarf-with-dsym";
				ENABLE_NS_ASSERTIONS = NO;
				ENABLE_STRICT_OBJC_MSGSEND = YES;
				GCC_C_LANGUAGE_STANDARD = gnu99;
				GCC_NO_COMMON_BLOCKS = YES;
				GCC_WARN_64_TO_32_BIT_CONVERSION = YES;
				GCC_WARN_ABOUT_RETURN_TYPE = YES_ERROR;
				GCC_WARN_UNDECLARED_SELECTOR = YES;
				GCC_WARN_UNINITIALIZED_AUTOS = YES_AGGRESSIVE;
				GCC_WARN_UNUSED_FUNCTION = YES;
				GCC_WARN_UNUSED_VARIABLE = YES;
				IPHONEOS_DEPLOYMENT_TARGET = 9.3;
				MACOSX_DEPLOYMENT_TARGET = 10.11;
				MTL_ENABLE_DEBUG_INFO = NO;
				SDKROOT = iphoneos;
				SWIFT_OPTIMIZATION_LEVEL = "-Owholemodule";
				TARGETED_DEVICE_FAMILY = "1,2";
				VALIDATE_PRODUCT = YES;
			};
			name = Release;
		};
		66F60B931D47E3F60073A8F2 /* Debug */ = {
			isa = XCBuildConfiguration;
			buildSettings = {
				ALWAYS_EMBED_SWIFT_STANDARD_LIBRARIES = YES;
				ASSETCATALOG_COMPILER_APPICON_NAME = AppIcon;
				CLANG_ENABLE_MODULES = YES;
				CODE_SIGN_ENTITLEMENTS = "Photo Geotags/Photo Geotags.entitlements";
				CODE_SIGN_IDENTITY = "Mac Developer";
				"CODE_SIGN_IDENTITY[sdk=iphoneos*]" = "iPhone Developer";
				INFOPLIST_FILE = "Photo Geotags/Info.plist";
				LD_RUNPATH_SEARCH_PATHS = "$(inherited) @executable_path/Frameworks";
				PRODUCT_BUNDLE_IDENTIFIER = "com.ezekielelin.Photo-Geotags";
				PRODUCT_NAME = "$(TARGET_NAME)";
				SWIFT_OPTIMIZATION_LEVEL = "-Onone";
				SWIFT_VERSION = 3.0;
			};
			name = Debug;
		};
		66F60B941D47E3F60073A8F2 /* Release */ = {
			isa = XCBuildConfiguration;
			buildSettings = {
				ALWAYS_EMBED_SWIFT_STANDARD_LIBRARIES = YES;
				ASSETCATALOG_COMPILER_APPICON_NAME = AppIcon;
				CLANG_ENABLE_MODULES = YES;
				CODE_SIGN_ENTITLEMENTS = "Photo Geotags/Photo Geotags.entitlements";
				CODE_SIGN_IDENTITY = "Mac Developer";
				INFOPLIST_FILE = "Photo Geotags/Info.plist";
				LD_RUNPATH_SEARCH_PATHS = "$(inherited) @executable_path/Frameworks";
				PRODUCT_BUNDLE_IDENTIFIER = "com.ezekielelin.Photo-Geotags";
				PRODUCT_NAME = "$(TARGET_NAME)";
				SWIFT_VERSION = 3.0;
			};
			name = Release;
		};
/* End XCBuildConfiguration section */

/* Begin XCConfigurationList section */
		6621E7051D5E37BF00B42F10 /* Build configuration list for PBXNativeTarget "Photo Geotags macOS" */ = {
			isa = XCConfigurationList;
			buildConfigurations = (
				6621E7061D5E37BF00B42F10 /* Debug */,
				6621E7071D5E37BF00B42F10 /* Release */,
			);
			defaultConfigurationIsVisible = 0;
			defaultConfigurationName = Release;
		};
		6621E71E1D5E5B1500B42F10 /* Build configuration list for PBXNativeTarget "PhotoGeotagsKit macOS" */ = {
			isa = XCConfigurationList;
			buildConfigurations = (
				6621E71F1D5E5B1500B42F10 /* Debug */,
				6621E7201D5E5B1500B42F10 /* Release */,
			);
			defaultConfigurationIsVisible = 0;
			defaultConfigurationName = Release;
		};
		662754531D5E009600CC41FE /* Build configuration list for PBXNativeTarget "PhotoGeotagsKit" */ = {
			isa = XCConfigurationList;
			buildConfigurations = (
				662754541D5E009600CC41FE /* Debug */,
				662754551D5E009600CC41FE /* Release */,
			);
			defaultConfigurationIsVisible = 0;
			defaultConfigurationName = Release;
		};
		66F60B791D47E3F50073A8F2 /* Build configuration list for PBXProject "Photo Geotags" */ = {
			isa = XCConfigurationList;
			buildConfigurations = (
				66F60B901D47E3F60073A8F2 /* Debug */,
				66F60B911D47E3F60073A8F2 /* Release */,
			);
			defaultConfigurationIsVisible = 0;
			defaultConfigurationName = Release;
		};
		66F60B921D47E3F60073A8F2 /* Build configuration list for PBXNativeTarget "Photo Geotags" */ = {
			isa = XCConfigurationList;
			buildConfigurations = (
				66F60B931D47E3F60073A8F2 /* Debug */,
				66F60B941D47E3F60073A8F2 /* Release */,
			);
			defaultConfigurationIsVisible = 0;
			defaultConfigurationName = Release;
		};
/* End XCConfigurationList section */
	};
	rootObject = 66F60B761D47E3F50073A8F2 /* Project object */;
}
